
Microsoft Visual Studio Solution File, Format Version 12.00
# Visual Studio Version 17
VisualStudioVersion = 17.5.33530.505
MinimumVisualStudioVersion = 10.0.40219.1
Project("{FAE04EC0-301F-11D3-BF4B-00C04F79EFBC}") = "ÜbungWpfApp1", "ÜbungWpfApp1\ÜbungWpfApp1.csproj", "{71B8A089-3C2D-4BB6-A8B6-024FC0051D8C}"
EndProject
Global
	GlobalSection(SolutionConfigurationPlatforms) = preSolution
		Debug|Any CPU = Debug|Any CPU
		Release|Any CPU = Release|Any CPU
	EndGlobalSection
	GlobalSection(ProjectConfigurationPlatforms) = postSolution
		{71B8A089-3C2D-4BB6-A8B6-024FC0051D8C}.Debug|Any CPU.ActiveCfg = Debug|Any CPU
		{71B8A089-3C2D-4BB6-A8B6-024FC0051D8C}.Debug|Any CPU.Build.0 = Debug|Any CPU
		{71B8A089-3C2D-4BB6-A8B6-024FC0051D8C}.Release|Any CPU.ActiveCfg = Release|Any CPU
		{71B8A089-3C2D-4BB6-A8B6-024FC0051D8C}.Release|Any CPU.Build.0 = Release|Any CPU
	EndGlobalSection
	GlobalSection(SolutionProperties) = preSolution
		HideSolutionNode = FALSE
	EndGlobalSection
	GlobalSection(ExtensibilityGlobals) = postSolution
		SolutionGuid = {D52F27BF-1576-48F2-9472-132D65CBF583}
	EndGlobalSection
EndGlobal
